
Microsoft Visual Studio Solution File, Format Version 12.00
# Visual Studio 2015
Project("{FAE04EC0-301F-11D3-BF4B-00C04F79EFBC}") = "HoloLensAnchors", "HoloLensAnchors.csproj", "{E8E88657-B168-B2F7-DAFC-19CFE68FB198}"
EndProject
Project("{FAE04EC0-301F-11D3-BF4B-00C04F79EFBC}") = "HoloLensAnchors.Editor", "HoloLensAnchors.Editor.csproj", "{5850A1FA-A6C4-C816-FDBE-BC137D1660EA}"
EndProject
Global
	GlobalSection(SolutionConfigurationPlatforms) = preSolution
		Debug|Any CPU = Debug|Any CPU
		Release|Any CPU = Release|Any CPU
	EndGlobalSection
	GlobalSection(ProjectConfigurationPlatforms) = postSolution
		{E8E88657-B168-B2F7-DAFC-19CFE68FB198}.Debug|Any CPU.ActiveCfg = Debug|Any CPU
		{E8E88657-B168-B2F7-DAFC-19CFE68FB198}.Debug|Any CPU.Build.0 = Debug|Any CPU
		{E8E88657-B168-B2F7-DAFC-19CFE68FB198}.Release|Any CPU.ActiveCfg = Release|Any CPU
		{E8E88657-B168-B2F7-DAFC-19CFE68FB198}.Release|Any CPU.Build.0 = Release|Any CPU
		{5850A1FA-A6C4-C816-FDBE-BC137D1660EA}.Debug|Any CPU.ActiveCfg = Debug|Any CPU
		{5850A1FA-A6C4-C816-FDBE-BC137D1660EA}.Debug|Any CPU.Build.0 = Debug|Any CPU
		{5850A1FA-A6C4-C816-FDBE-BC137D1660EA}.Release|Any CPU.ActiveCfg = Release|Any CPU
		{5850A1FA-A6C4-C816-FDBE-BC137D1660EA}.Release|Any CPU.Build.0 = Release|Any CPU
	EndGlobalSection
	GlobalSection(SolutionProperties) = preSolution
		HideSolutionNode = FALSE
	EndGlobalSection
EndGlobal
