
Microsoft Visual Studio Solution File, Format Version 12.00
# Visual Studio 14
VisualStudioVersion = 14.0.25420.1
MinimumVisualStudioVersion = 10.0.40219.1
Project("{FAE04EC0-301F-11D3-BF4B-00C04F79EFBC}") = "HoloLensAnchors", "HoloLensAnchors\HoloLensAnchors.csproj", "{13A45C13-3265-47B8-BC48-A553B569DF55}"
EndProject
Project("{FAE04EC0-301F-11D3-BF4B-00C04F79EFBC}") = "Assembly-CSharp", "C:\HoloLens\HoloLensAnchors\App\GeneratedProjects\UWP\Assembly-CSharp\Assembly-CSharp.csproj", "{2C521A25-B4D6-47AE-AEB3-A23D0389E6B5}"
EndProject
Project("{FAE04EC0-301F-11D3-BF4B-00C04F79EFBC}") = "Assembly-CSharp-firstpass", "C:\HoloLens\HoloLensAnchors\App\GeneratedProjects\UWP\Assembly-CSharp-firstpass\Assembly-CSharp-firstpass.csproj", "{7566B18C-FBFF-4451-8ABA-097E34C673B6}"
EndProject
Global
	GlobalSection(SolutionConfigurationPlatforms) = preSolution
		Debug|ARM = Debug|ARM
		Debug|x64 = Debug|x64
		Debug|x86 = Debug|x86
		Master|ARM = Master|ARM
		Master|x64 = Master|x64
		Master|x86 = Master|x86
		Release|ARM = Release|ARM
		Release|x64 = Release|x64
		Release|x86 = Release|x86
	EndGlobalSection
	GlobalSection(ProjectConfigurationPlatforms) = postSolution
		{13A45C13-3265-47B8-BC48-A553B569DF55}.Debug|ARM.ActiveCfg = Debug|ARM
		{13A45C13-3265-47B8-BC48-A553B569DF55}.Debug|ARM.Build.0 = Debug|ARM
		{13A45C13-3265-47B8-BC48-A553B569DF55}.Debug|ARM.Deploy.0 = Debug|ARM
		{13A45C13-3265-47B8-BC48-A553B569DF55}.Debug|x64.ActiveCfg = Debug|x64
		{13A45C13-3265-47B8-BC48-A553B569DF55}.Debug|x64.Build.0 = Debug|x64
		{13A45C13-3265-47B8-BC48-A553B569DF55}.Debug|x64.Deploy.0 = Debug|x64
		{13A45C13-3265-47B8-BC48-A553B569DF55}.Debug|x86.ActiveCfg = Debug|x86
		{13A45C13-3265-47B8-BC48-A553B569DF55}.Debug|x86.Build.0 = Debug|x86
		{13A45C13-3265-47B8-BC48-A553B569DF55}.Debug|x86.Deploy.0 = Debug|x86
		{13A45C13-3265-47B8-BC48-A553B569DF55}.Master|ARM.ActiveCfg = Master|ARM
		{13A45C13-3265-47B8-BC48-A553B569DF55}.Master|ARM.Build.0 = Master|ARM
		{13A45C13-3265-47B8-BC48-A553B569DF55}.Master|ARM.Deploy.0 = Master|ARM
		{13A45C13-3265-47B8-BC48-A553B569DF55}.Master|x64.ActiveCfg = Master|x64
		{13A45C13-3265-47B8-BC48-A553B569DF55}.Master|x64.Build.0 = Master|x64
		{13A45C13-3265-47B8-BC48-A553B569DF55}.Master|x64.Deploy.0 = Master|x64
		{13A45C13-3265-47B8-BC48-A553B569DF55}.Master|x86.ActiveCfg = Master|x86
		{13A45C13-3265-47B8-BC48-A553B569DF55}.Master|x86.Build.0 = Master|x86
		{13A45C13-3265-47B8-BC48-A553B569DF55}.Master|x86.Deploy.0 = Master|x86
		{13A45C13-3265-47B8-BC48-A553B569DF55}.Release|ARM.ActiveCfg = Release|ARM
		{13A45C13-3265-47B8-BC48-A553B569DF55}.Release|ARM.Build.0 = Release|ARM
		{13A45C13-3265-47B8-BC48-A553B569DF55}.Release|ARM.Deploy.0 = Release|ARM
		{13A45C13-3265-47B8-BC48-A553B569DF55}.Release|x64.ActiveCfg = Release|x64
		{13A45C13-3265-47B8-BC48-A553B569DF55}.Release|x64.Build.0 = Release|x64
		{13A45C13-3265-47B8-BC48-A553B569DF55}.Release|x64.Deploy.0 = Release|x64
		{13A45C13-3265-47B8-BC48-A553B569DF55}.Release|x86.ActiveCfg = Release|x86
		{13A45C13-3265-47B8-BC48-A553B569DF55}.Release|x86.Build.0 = Release|x86
		{13A45C13-3265-47B8-BC48-A553B569DF55}.Release|x86.Deploy.0 = Release|x86
		{2C521A25-B4D6-47AE-AEB3-A23D0389E6B5}.Debug|ARM.ActiveCfg = Debug|ARM
		{2C521A25-B4D6-47AE-AEB3-A23D0389E6B5}.Debug|ARM.Build.0 = Debug|ARM
		{2C521A25-B4D6-47AE-AEB3-A23D0389E6B5}.Debug|x64.ActiveCfg = Debug|x64
		{2C521A25-B4D6-47AE-AEB3-A23D0389E6B5}.Debug|x64.Build.0 = Debug|x64
		{2C521A25-B4D6-47AE-AEB3-A23D0389E6B5}.Debug|x86.ActiveCfg = Debug|x86
		{2C521A25-B4D6-47AE-AEB3-A23D0389E6B5}.Debug|x86.Build.0 = Debug|x86
		{2C521A25-B4D6-47AE-AEB3-A23D0389E6B5}.Master|ARM.ActiveCfg = Master|ARM
		{2C521A25-B4D6-47AE-AEB3-A23D0389E6B5}.Master|ARM.Build.0 = Master|ARM
		{2C521A25-B4D6-47AE-AEB3-A23D0389E6B5}.Master|x64.ActiveCfg = Master|x64
		{2C521A25-B4D6-47AE-AEB3-A23D0389E6B5}.Master|x64.Build.0 = Master|x64
		{2C521A25-B4D6-47AE-AEB3-A23D0389E6B5}.Master|x86.ActiveCfg = Master|x86
		{2C521A25-B4D6-47AE-AEB3-A23D0389E6B5}.Master|x86.Build.0 = Master|x86
		{2C521A25-B4D6-47AE-AEB3-A23D0389E6B5}.Release|ARM.ActiveCfg = Release|ARM
		{2C521A25-B4D6-47AE-AEB3-A23D0389E6B5}.Release|ARM.Build.0 = Release|ARM
		{2C521A25-B4D6-47AE-AEB3-A23D0389E6B5}.Release|x64.ActiveCfg = Release|x64
		{2C521A25-B4D6-47AE-AEB3-A23D0389E6B5}.Release|x64.Build.0 = Release|x64
		{2C521A25-B4D6-47AE-AEB3-A23D0389E6B5}.Release|x86.ActiveCfg = Release|x86
		{2C521A25-B4D6-47AE-AEB3-A23D0389E6B5}.Release|x86.Build.0 = Release|x86
		{7566B18C-FBFF-4451-8ABA-097E34C673B6}.Debug|ARM.ActiveCfg = Debug|ARM
		{7566B18C-FBFF-4451-8ABA-097E34C673B6}.Debug|ARM.Build.0 = Debug|ARM
		{7566B18C-FBFF-4451-8ABA-097E34C673B6}.Debug|x64.ActiveCfg = Debug|x64
		{7566B18C-FBFF-4451-8ABA-097E34C673B6}.Debug|x64.Build.0 = Debug|x64
		{7566B18C-FBFF-4451-8ABA-097E34C673B6}.Debug|x86.ActiveCfg = Debug|x86
		{7566B18C-FBFF-4451-8ABA-097E34C673B6}.Debug|x86.Build.0 = Debug|x86
		{7566B18C-FBFF-4451-8ABA-097E34C673B6}.Master|ARM.ActiveCfg = Master|ARM
		{7566B18C-FBFF-4451-8ABA-097E34C673B6}.Master|ARM.Build.0 = Master|ARM
		{7566B18C-FBFF-4451-8ABA-097E34C673B6}.Master|x64.ActiveCfg = Master|x64
		{7566B18C-FBFF-4451-8ABA-097E34C673B6}.Master|x64.Build.0 = Master|x64
		{7566B18C-FBFF-4451-8ABA-097E34C673B6}.Master|x86.ActiveCfg = Master|x86
		{7566B18C-FBFF-4451-8ABA-097E34C673B6}.Master|x86.Build.0 = Master|x86
		{7566B18C-FBFF-4451-8ABA-097E34C673B6}.Release|ARM.ActiveCfg = Release|ARM
		{7566B18C-FBFF-4451-8ABA-097E34C673B6}.Release|ARM.Build.0 = Release|ARM
		{7566B18C-FBFF-4451-8ABA-097E34C673B6}.Release|x64.ActiveCfg = Release|x64
		{7566B18C-FBFF-4451-8ABA-097E34C673B6}.Release|x64.Build.0 = Release|x64
		{7566B18C-FBFF-4451-8ABA-097E34C673B6}.Release|x86.ActiveCfg = Release|x86
		{7566B18C-FBFF-4451-8ABA-097E34C673B6}.Release|x86.Build.0 = Release|x86
	EndGlobalSection
	GlobalSection(SolutionProperties) = preSolution
		HideSolutionNode = FALSE
	EndGlobalSection
EndGlobal
